{
  "name": "arcuiz",
  "version": "1.0.0",
  "lockfileVersion": 2,
  "requires": true,
  "packages": {
    "": {
      "name": "arcuiz",
      "version": "1.0.0",
      "license": "ISC",
      "dependencies": {
        "colyseus.js": "^0.14.13",
        "http-single-serve": "^1.0.0",
        "websocket-game-lobby": "^4.1.1"
      }
    },
    "node_modules/@colyseus/schema": {
      "version": "1.0.39",
      "resolved": "https://registry.npmjs.org/@colyseus/schema/-/schema-1.0.39.tgz",
      "integrity": "sha512-um3qDiwbrzBYE0xnt6MadPT85Zu8MJKOpS0ThLluqCmjUcmIdQOeUY5AAZNGHE/Di4R88XpEflzBDtXS+O4XuA==",
      "bin": {
        "schema-codegen": "bin/schema-codegen"
      }
    },
    "node_modules/buffer-writer": {
      "version": "2.0.0",
      "resolved": "https://registry.npmjs.org/buffer-writer/-/buffer-writer-2.0.0.tgz",
      "integrity": "sha512-a7ZpuTZU1TRtnwyCNW3I5dc0wWNC3VR9S++Ewyk2HHZdrO3CQJqSpd+95Us590V6AL7JqUAH2IwZ/398PmNFgw==",
      "license": "MIT",
      "engines": {
        "node": ">=4"
      }
    },
    "node_modules/colyseus.js": {
      "version": "0.14.13",
      "resolved": "https://registry.npmjs.org/colyseus.js/-/colyseus.js-0.14.13.tgz",
      "integrity": "sha512-2z1jgOfozQ02gLG5RtTHpk9VZur2b7U4KI9NNldjOZmfc2DZeKejdcKchBTwiDcSwwJQQ4SSOfVUhOcBMILDqA==",
      "dependencies": {
        "@colyseus/schema": "^1.0.22",
        "httpie": "^2.0.0-next.13",
        "nanoevents": "^5.1.12",
        "notepack.io": "^2.1.3",
        "tslib": "^2.1.0"
      },
      "engines": {
        "node": ">= 12.x"
      }
    },
    "node_modules/http-single-serve": {
      "version": "1.0.0",
      "resolved": "https://registry.npmjs.org/http-single-serve/-/http-single-serve-1.0.0.tgz",
      "integrity": "sha512-Cs+APxJ6z9bQX/iS94fYQbqM+6RYwfITD3JcncFBYMr+32g27WerPUkxcjSP1aca8Z9La2VPKYrFR5U5PYNllQ==",
      "license": "MIT",
      "dependencies": {
        "mime-types": "2.1.27"
      },
      "engines": {
        "node": ">=12.0"
      }
    },
    "node_modules/httpie": {
      "version": "2.0.0-next.13",
      "resolved": "https://registry.npmjs.org/httpie/-/httpie-2.0.0-next.13.tgz",
      "integrity": "sha512-KbKOnq8wt0hVEfteYCSnEsPgzaWxcVc4qZ4OaDU9mVOYLRo3XChjWs3MiuRgFu5y+4JDo7sDKdKzkAn1ljQYFA==",
      "engines": {
        "node": ">=10"
      }
    },
    "node_modules/mime-db": {
      "version": "1.44.0",
      "resolved": "https://registry.npmjs.org/mime-db/-/mime-db-1.44.0.tgz",
      "integrity": "sha512-/NOTfLrsPBVeH7YtFPgsVWveuL+4SjjYxaQ1xtM1KMFj7HdxlBlxeyNLzhyJVx7r4rZGJAZ/6lkKCitSc/Nmpg==",
      "license": "MIT",
      "engines": {
        "node": ">= 0.6"
      }
    },
    "node_modules/mime-types": {
      "version": "2.1.27",
      "resolved": "https://registry.npmjs.org/mime-types/-/mime-types-2.1.27.tgz",
      "integrity": "sha512-JIhqnCasI9yD+SsmkquHBxTSEuZdQX5BuQnS2Vc7puQQQ+8yiP5AY5uWhpdv4YL4VM5c6iliiYWPgJ/nJQLp7w==",
      "license": "MIT",
      "dependencies": {
        "mime-db": "1.44.0"
      },
      "engines": {
        "node": ">= 0.6"
      }
    },
    "node_modules/nanoevents": {
      "version": "5.1.13",
      "resolved": "https://registry.npmjs.org/nanoevents/-/nanoevents-5.1.13.tgz",
      "integrity": "sha512-JFAeG9fp0QZnRoESHjkbVFbZ9BkOXkkagUVwZVo/pkSX+Fq1VKlY+5og/8X9CYc6C7vje/CV+bwJ5M2X0+IY9Q==",
      "engines": {
        "node": ">=6.0.0"
      }
    },
    "node_modules/notepack.io": {
      "version": "2.3.0",
      "resolved": "https://registry.npmjs.org/notepack.io/-/notepack.io-2.3.0.tgz",
      "integrity": "sha512-9RiFDxeydHsWOqdthRUck2Kd4UW2NzVd2xxOulZiQ9mvge6ElsHXLpwD3HEJyql6sFEnEn/eMO7HSdS0M5mWkA=="
    },
    "node_modules/packet-reader": {
      "version": "1.0.0",
      "resolved": "https://registry.npmjs.org/packet-reader/-/packet-reader-1.0.0.tgz",
      "integrity": "sha512-HAKu/fG3HpHFO0AA8WE8q2g+gBJaZ9MG7fcKk+IJPLTGAD6Psw4443l+9DGRbOIh3/aXr7Phy0TjilYivJo5XQ==",
      "license": "MIT"
    },
    "node_modules/pg": {
      "version": "8.5.1",
      "resolved": "https://registry.npmjs.org/pg/-/pg-8.5.1.tgz",
      "integrity": "sha512-9wm3yX9lCfjvA98ybCyw2pADUivyNWT/yIP4ZcDVpMN0og70BUWYEGXPCTAQdGTAqnytfRADb7NERrY1qxhIqw==",
      "license": "MIT",
      "dependencies": {
        "buffer-writer": "2.0.0",
        "packet-reader": "1.0.0",
        "pg-connection-string": "^2.4.0",
        "pg-pool": "^3.2.2",
        "pg-protocol": "^1.4.0",
        "pg-types": "^2.1.0",
        "pgpass": "1.x"
      },
      "engines": {
        "node": ">= 8.0.0"
      },
      "peerDependencies": {
        "pg-native": ">=2.0.0"
      },
      "peerDependenciesMeta": {
        "pg-native": {
          "optional": true
        }
      }
    },
    "node_modules/pg-connection-string": {
      "version": "2.5.0",
      "resolved": "https://registry.npmjs.org/pg-connection-string/-/pg-connection-string-2.5.0.tgz",
      "integrity": "sha512-r5o/V/ORTA6TmUnyWZR9nCj1klXCO2CEKNRlVuJptZe85QuhFayC7WeMic7ndayT5IRIR0S0xFxFi2ousartlQ==",
      "license": "MIT"
    },
    "node_modules/pg-int8": {
      "version": "1.0.1",
      "resolved": "https://registry.npmjs.org/pg-int8/-/pg-int8-1.0.1.tgz",
      "integrity": "sha512-WCtabS6t3c8SkpDBUlb1kjOs7l66xsGdKpIPZsg4wR+B3+u9UAum2odSsF9tnvxg80h4ZxLWMy4pRjOsFIqQpw==",
      "license": "ISC",
      "engines": {
        "node": ">=4.0.0"
      }
    },
    "node_modules/pg-pool": {
      "version": "3.5.2",
      "resolved": "https://registry.npmjs.org/pg-pool/-/pg-pool-3.5.2.tgz",
      "integrity": "sha512-His3Fh17Z4eg7oANLob6ZvH8xIVen3phEZh2QuyrIl4dQSDVEabNducv6ysROKpDNPSD+12tONZVWfSgMvDD9w==",
      "license": "MIT",
      "peerDependencies": {
        "pg": ">=8.0"
      }
    },
    "node_modules/pg-protocol": {
      "version": "1.5.0",
      "resolved": "https://registry.npmjs.org/pg-protocol/-/pg-protocol-1.5.0.tgz",
      "integrity": "sha512-muRttij7H8TqRNu/DxrAJQITO4Ac7RmX3Klyr/9mJEOBeIpgnF8f9jAfRz5d3XwQZl5qBjF9gLsUtMPJE0vezQ==",
      "license": "MIT"
    },
    "node_modules/pg-types": {
      "version": "2.2.0",
      "resolved": "https://registry.npmjs.org/pg-types/-/pg-types-2.2.0.tgz",
      "integrity": "sha512-qTAAlrEsl8s4OiEQY69wDvcMIdQN6wdz5ojQiOy6YRMuynxenON0O5oCpJI6lshc6scgAY8qvJ2On/p+CXY0GA==",
      "license": "MIT",
      "dependencies": {
        "pg-int8": "1.0.1",
        "postgres-array": "~2.0.0",
        "postgres-bytea": "~1.0.0",
        "postgres-date": "~1.0.4",
        "postgres-interval": "^1.1.0"
      },
      "engines": {
        "node": ">=4"
      }
    },
    "node_modules/pgpass": {
      "version": "1.0.5",
      "resolved": "https://registry.npmjs.org/pgpass/-/pgpass-1.0.5.tgz",
      "integrity": "sha512-FdW9r/jQZhSeohs1Z3sI1yxFQNFvMcnmfuj4WBMUTxOrAyLMaTcE1aAMBiTlbMNaXvBCQuVi0R7hd8udDSP7ug==",
      "license": "MIT",
      "dependencies": {
        "split2": "^4.1.0"
      }
    },
    "node_modules/postgres-array": {
      "version": "2.0.0",
      "resolved": "https://registry.npmjs.org/postgres-array/-/postgres-array-2.0.0.tgz",
      "integrity": "sha512-VpZrUqU5A69eQyW2c5CA1jtLecCsN2U/bD6VilrFDWq5+5UIEVO7nazS3TEcHf1zuPYO/sqGvUvW62g86RXZuA==",
      "license": "MIT",
      "engines": {
        "node": ">=4"
      }
    },
    "node_modules/postgres-bytea": {
      "version": "1.0.0",
      "resolved": "https://registry.npmjs.org/postgres-bytea/-/postgres-bytea-1.0.0.tgz",
      "integrity": "sha512-xy3pmLuQqRBZBXDULy7KbaitYqLcmxigw14Q5sj8QBVLqEwXfeybIKVWiqAXTlcvdvb0+xkOtDbfQMOf4lST1w==",
      "license": "MIT",
      "engines": {
        "node": ">=0.10.0"
      }
    },
    "node_modules/postgres-date": {
      "version": "1.0.7",
      "resolved": "https://registry.npmjs.org/postgres-date/-/postgres-date-1.0.7.tgz",
      "integrity": "sha512-suDmjLVQg78nMK2UZ454hAG+OAW+HQPZ6n++TNDUX+L0+uUlLywnoxJKDou51Zm+zTCjrCl0Nq6J9C5hP9vK/Q==",
      "license": "MIT",
      "engines": {
        "node": ">=0.10.0"
      }
    },
    "node_modules/postgres-interval": {
      "version": "1.2.0",
      "resolved": "https://registry.npmjs.org/postgres-interval/-/postgres-interval-1.2.0.tgz",
      "integrity": "sha512-9ZhXKM/rw350N1ovuWHbGxnGh/SNJ4cnxHiM0rxE4VN41wsg8P8zWn9hv/buK00RP4WvlOyr/RBDiptyxVbkZQ==",
      "license": "MIT",
      "dependencies": {
        "xtend": "^4.0.0"
      },
      "engines": {
        "node": ">=0.10.0"
      }
    },
    "node_modules/split2": {
      "version": "4.1.0",
      "resolved": "https://registry.npmjs.org/split2/-/split2-4.1.0.tgz",
      "integrity": "sha512-VBiJxFkxiXRlUIeyMQi8s4hgvKCSjtknJv/LVYbrgALPwf5zSKmEwV9Lst25AkvMDnvxODugjdl6KZgwKM1WYQ==",
      "license": "ISC",
      "engines": {
        "node": ">= 10.x"
      }
    },
    "node_modules/tslib": {
      "version": "2.4.0",
      "resolved": "https://registry.npmjs.org/tslib/-/tslib-2.4.0.tgz",
      "integrity": "sha512-d6xOpEDfsi2CZVlPQzGeux8XMwLT9hssAsaPYExaQMuYskwb+x1x7J371tWlbBdWHroy99KnVB6qIkUbs5X3UQ=="
    },
    "node_modules/uuid": {
      "version": "8.3.1",
      "resolved": "https://registry.npmjs.org/uuid/-/uuid-8.3.1.tgz",
      "integrity": "sha512-FOmRr+FmWEIG8uhZv6C2bTgEVXsHk08kE7mPlrBbEe+c3r9pjceVPgupIfNIhc4yx55H69OXANrUaSuu9eInKg==",
      "license": "MIT",
      "bin": {
        "uuid": "dist/bin/uuid"
      }
    },
    "node_modules/websocket-event-wrapper": {
      "version": "1.1.1",
      "resolved": "https://registry.npmjs.org/websocket-event-wrapper/-/websocket-event-wrapper-1.1.1.tgz",
      "integrity": "sha512-24xEte79SBjch3orMtIrtkJwV44KS50Fkbnlm+JPQeoHbRO1h7gHDw7kXGpIgzJPGxRl4e1ITJzeF+z2y2EezA==",
      "license": "MIT",
      "dependencies": {
        "ws": "7.3.1"
      },
      "engines": {
        "node": ">=12.0"
      }
    },
    "node_modules/websocket-game-lobby": {
      "version": "4.1.1",
      "resolved": "https://registry.npmjs.org/websocket-game-lobby/-/websocket-game-lobby-4.1.1.tgz",
      "integrity": "sha512-wc5u5oy2naABppOFUasJo5HaanqmHU7K3kZGvh2TAale2F1pRkhH7m8e5vGyOGh4LlFiZxBHZTRyBgEQ+lW6Zg==",
      "license": "MIT",
      "dependencies": {
        "pg": "8.5.1",
        "uuid": "8.3.1",
        "websocket-event-wrapper": "1.1.1"
      },
      "engines": {
        "node": ">=12.0"
      }
    },
    "node_modules/ws": {
      "version": "7.3.1",
      "resolved": "https://registry.npmjs.org/ws/-/ws-7.3.1.tgz",
      "integrity": "sha512-D3RuNkynyHmEJIpD2qrgVkc9DQ23OrN/moAwZX4L8DfvszsJxpjQuUq3LMx6HoYji9fbIOBY18XWBsAux1ZZUA==",
      "license": "MIT",
      "engines": {
        "node": ">=8.3.0"
      },
      "peerDependencies": {
        "bufferutil": "^4.0.1",
        "utf-8-validate": "^5.0.2"
      },
      "peerDependenciesMeta": {
        "bufferutil": {
          "optional": true
        },
        "utf-8-validate": {
          "optional": true
        }
      }
    },
    "node_modules/xtend": {
      "version": "4.0.2",
      "resolved": "https://registry.npmjs.org/xtend/-/xtend-4.0.2.tgz",
      "integrity": "sha512-LKYU1iAXJXUgAXn9URjiu+MWhyUXHsvfp7mcuYm9dSUKK0/CjtrUwFAxD82/mCWbtLsGjFIad0wIsod4zrTAEQ==",
      "license": "MIT",
      "engines": {
        "node": ">=0.4"
      }
    }
  },
  "dependencies": {
    "@colyseus/schema": {
      "version": "1.0.39",
      "resolved": "https://registry.npmjs.org/@colyseus/schema/-/schema-1.0.39.tgz",
      "integrity": "sha512-um3qDiwbrzBYE0xnt6MadPT85Zu8MJKOpS0ThLluqCmjUcmIdQOeUY5AAZNGHE/Di4R88XpEflzBDtXS+O4XuA=="
    },
    "buffer-writer": {
      "version": "2.0.0",
      "resolved": "https://registry.npmjs.org/buffer-writer/-/buffer-writer-2.0.0.tgz",
      "integrity": "sha512-a7ZpuTZU1TRtnwyCNW3I5dc0wWNC3VR9S++Ewyk2HHZdrO3CQJqSpd+95Us590V6AL7JqUAH2IwZ/398PmNFgw=="
    },
    "colyseus.js": {
      "version": "0.14.13",
      "resolved": "https://registry.npmjs.org/colyseus.js/-/colyseus.js-0.14.13.tgz",
      "integrity": "sha512-2z1jgOfozQ02gLG5RtTHpk9VZur2b7U4KI9NNldjOZmfc2DZeKejdcKchBTwiDcSwwJQQ4SSOfVUhOcBMILDqA==",
      "requires": {
        "@colyseus/schema": "^1.0.22",
        "httpie": "^2.0.0-next.13",
        "nanoevents": "^5.1.12",
        "notepack.io": "^2.1.3",
        "tslib": "^2.1.0"
      }
    },
    "http-single-serve": {
      "version": "1.0.0",
      "resolved": "https://registry.npmjs.org/http-single-serve/-/http-single-serve-1.0.0.tgz",
      "integrity": "sha512-Cs+APxJ6z9bQX/iS94fYQbqM+6RYwfITD3JcncFBYMr+32g27WerPUkxcjSP1aca8Z9La2VPKYrFR5U5PYNllQ==",
      "requires": {
        "mime-types": "2.1.27"
      }
    },
    "httpie": {
      "version": "2.0.0-next.13",
      "resolved": "https://registry.npmjs.org/httpie/-/httpie-2.0.0-next.13.tgz",
      "integrity": "sha512-KbKOnq8wt0hVEfteYCSnEsPgzaWxcVc4qZ4OaDU9mVOYLRo3XChjWs3MiuRgFu5y+4JDo7sDKdKzkAn1ljQYFA=="
    },
    "mime-db": {
      "version": "1.44.0",
      "resolved": "https://registry.npmjs.org/mime-db/-/mime-db-1.44.0.tgz",
      "integrity": "sha512-/NOTfLrsPBVeH7YtFPgsVWveuL+4SjjYxaQ1xtM1KMFj7HdxlBlxeyNLzhyJVx7r4rZGJAZ/6lkKCitSc/Nmpg=="
    },
    "mime-types": {
      "version": "2.1.27",
      "resolved": "https://registry.npmjs.org/mime-types/-/mime-types-2.1.27.tgz",
      "integrity": "sha512-JIhqnCasI9yD+SsmkquHBxTSEuZdQX5BuQnS2Vc7puQQQ+8yiP5AY5uWhpdv4YL4VM5c6iliiYWPgJ/nJQLp7w==",
      "requires": {
        "mime-db": "1.44.0"
      }
    },
    "nanoevents": {
      "version": "5.1.13",
      "resolved": "https://registry.npmjs.org/nanoevents/-/nanoevents-5.1.13.tgz",
      "integrity": "sha512-JFAeG9fp0QZnRoESHjkbVFbZ9BkOXkkagUVwZVo/pkSX+Fq1VKlY+5og/8X9CYc6C7vje/CV+bwJ5M2X0+IY9Q=="
    },
    "notepack.io": {
      "version": "2.3.0",
      "resolved": "https://registry.npmjs.org/notepack.io/-/notepack.io-2.3.0.tgz",
      "integrity": "sha512-9RiFDxeydHsWOqdthRUck2Kd4UW2NzVd2xxOulZiQ9mvge6ElsHXLpwD3HEJyql6sFEnEn/eMO7HSdS0M5mWkA=="
    },
    "packet-reader": {
      "version": "1.0.0",
      "resolved": "https://registry.npmjs.org/packet-reader/-/packet-reader-1.0.0.tgz",
      "integrity": "sha512-HAKu/fG3HpHFO0AA8WE8q2g+gBJaZ9MG7fcKk+IJPLTGAD6Psw4443l+9DGRbOIh3/aXr7Phy0TjilYivJo5XQ=="
    },
    "pg": {
      "version": "8.5.1",
      "resolved": "https://registry.npmjs.org/pg/-/pg-8.5.1.tgz",
      "integrity": "sha512-9wm3yX9lCfjvA98ybCyw2pADUivyNWT/yIP4ZcDVpMN0og70BUWYEGXPCTAQdGTAqnytfRADb7NERrY1qxhIqw==",
      "requires": {
        "buffer-writer": "2.0.0",
        "packet-reader": "1.0.0",
        "pg-connection-string": "^2.4.0",
        "pg-pool": "^3.2.2",
        "pg-protocol": "^1.4.0",
        "pg-types": "^2.1.0",
        "pgpass": "1.x"
      }
    },
    "pg-connection-string": {
      "version": "2.5.0",
      "resolved": "https://registry.npmjs.org/pg-connection-string/-/pg-connection-string-2.5.0.tgz",
      "integrity": "sha512-r5o/V/ORTA6TmUnyWZR9nCj1klXCO2CEKNRlVuJptZe85QuhFayC7WeMic7ndayT5IRIR0S0xFxFi2ousartlQ=="
    },
    "pg-int8": {
      "version": "1.0.1",
      "resolved": "https://registry.npmjs.org/pg-int8/-/pg-int8-1.0.1.tgz",
      "integrity": "sha512-WCtabS6t3c8SkpDBUlb1kjOs7l66xsGdKpIPZsg4wR+B3+u9UAum2odSsF9tnvxg80h4ZxLWMy4pRjOsFIqQpw=="
    },
    "pg-pool": {
      "version": "3.5.2",
      "resolved": "https://registry.npmjs.org/pg-pool/-/pg-pool-3.5.2.tgz",
      "integrity": "sha512-His3Fh17Z4eg7oANLob6ZvH8xIVen3phEZh2QuyrIl4dQSDVEabNducv6ysROKpDNPSD+12tONZVWfSgMvDD9w==",
      "requires": {}
    },
    "pg-protocol": {
      "version": "1.5.0",
      "resolved": "https://registry.npmjs.org/pg-protocol/-/pg-protocol-1.5.0.tgz",
      "integrity": "sha512-muRttij7H8TqRNu/DxrAJQITO4Ac7RmX3Klyr/9mJEOBeIpgnF8f9jAfRz5d3XwQZl5qBjF9gLsUtMPJE0vezQ=="
    },
    "pg-types": {
      "version": "2.2.0",
      "resolved": "https://registry.npmjs.org/pg-types/-/pg-types-2.2.0.tgz",
      "integrity": "sha512-qTAAlrEsl8s4OiEQY69wDvcMIdQN6wdz5ojQiOy6YRMuynxenON0O5oCpJI6lshc6scgAY8qvJ2On/p+CXY0GA==",
      "requires": {
        "pg-int8": "1.0.1",
        "postgres-array": "~2.0.0",
        "postgres-bytea": "~1.0.0",
        "postgres-date": "~1.0.4",
        "postgres-interval": "^1.1.0"
      }
    },
    "pgpass": {
      "version": "1.0.5",
      "resolved": "https://registry.npmjs.org/pgpass/-/pgpass-1.0.5.tgz",
      "integrity": "sha512-FdW9r/jQZhSeohs1Z3sI1yxFQNFvMcnmfuj4WBMUTxOrAyLMaTcE1aAMBiTlbMNaXvBCQuVi0R7hd8udDSP7ug==",
      "requires": {
        "split2": "^4.1.0"
      }
    },
    "postgres-array": {
      "version": "2.0.0",
      "resolved": "https://registry.npmjs.org/postgres-array/-/postgres-array-2.0.0.tgz",
      "integrity": "sha512-VpZrUqU5A69eQyW2c5CA1jtLecCsN2U/bD6VilrFDWq5+5UIEVO7nazS3TEcHf1zuPYO/sqGvUvW62g86RXZuA=="
    },
    "postgres-bytea": {
      "version": "1.0.0",
      "resolved": "https://registry.npmjs.org/postgres-bytea/-/postgres-bytea-1.0.0.tgz",
      "integrity": "sha512-xy3pmLuQqRBZBXDULy7KbaitYqLcmxigw14Q5sj8QBVLqEwXfeybIKVWiqAXTlcvdvb0+xkOtDbfQMOf4lST1w=="
    },
    "postgres-date": {
      "version": "1.0.7",
      "resolved": "https://registry.npmjs.org/postgres-date/-/postgres-date-1.0.7.tgz",
      "integrity": "sha512-suDmjLVQg78nMK2UZ454hAG+OAW+HQPZ6n++TNDUX+L0+uUlLywnoxJKDou51Zm+zTCjrCl0Nq6J9C5hP9vK/Q=="
    },
    "postgres-interval": {
      "version": "1.2.0",
      "resolved": "https://registry.npmjs.org/postgres-interval/-/postgres-interval-1.2.0.tgz",
      "integrity": "sha512-9ZhXKM/rw350N1ovuWHbGxnGh/SNJ4cnxHiM0rxE4VN41wsg8P8zWn9hv/buK00RP4WvlOyr/RBDiptyxVbkZQ==",
      "requires": {
        "xtend": "^4.0.0"
      }
    },
    "split2": {
      "version": "4.1.0",
      "resolved": "https://registry.npmjs.org/split2/-/split2-4.1.0.tgz",
      "integrity": "sha512-VBiJxFkxiXRlUIeyMQi8s4hgvKCSjtknJv/LVYbrgALPwf5zSKmEwV9Lst25AkvMDnvxODugjdl6KZgwKM1WYQ=="
    },
    "tslib": {
      "version": "2.4.0",
      "resolved": "https://registry.npmjs.org/tslib/-/tslib-2.4.0.tgz",
      "integrity": "sha512-d6xOpEDfsi2CZVlPQzGeux8XMwLT9hssAsaPYExaQMuYskwb+x1x7J371tWlbBdWHroy99KnVB6qIkUbs5X3UQ=="
    },
    "uuid": {
      "version": "8.3.1",
      "resolved": "https://registry.npmjs.org/uuid/-/uuid-8.3.1.tgz",
      "integrity": "sha512-FOmRr+FmWEIG8uhZv6C2bTgEVXsHk08kE7mPlrBbEe+c3r9pjceVPgupIfNIhc4yx55H69OXANrUaSuu9eInKg=="
    },
    "websocket-event-wrapper": {
      "version": "1.1.1",
      "resolved": "https://registry.npmjs.org/websocket-event-wrapper/-/websocket-event-wrapper-1.1.1.tgz",
      "integrity": "sha512-24xEte79SBjch3orMtIrtkJwV44KS50Fkbnlm+JPQeoHbRO1h7gHDw7kXGpIgzJPGxRl4e1ITJzeF+z2y2EezA==",
      "requires": {
        "ws": "7.3.1"
      }
    },
    "websocket-game-lobby": {
      "version": "4.1.1",
      "resolved": "https://registry.npmjs.org/websocket-game-lobby/-/websocket-game-lobby-4.1.1.tgz",
      "integrity": "sha512-wc5u5oy2naABppOFUasJo5HaanqmHU7K3kZGvh2TAale2F1pRkhH7m8e5vGyOGh4LlFiZxBHZTRyBgEQ+lW6Zg==",
      "requires": {
        "pg": "8.5.1",
        "uuid": "8.3.1",
        "websocket-event-wrapper": "1.1.1"
      }
    },
    "ws": {
      "version": "7.3.1",
      "resolved": "https://registry.npmjs.org/ws/-/ws-7.3.1.tgz",
      "integrity": "sha512-D3RuNkynyHmEJIpD2qrgVkc9DQ23OrN/moAwZX4L8DfvszsJxpjQuUq3LMx6HoYji9fbIOBY18XWBsAux1ZZUA==",
      "requires": {}
    },
    "xtend": {
      "version": "4.0.2",
      "resolved": "https://registry.npmjs.org/xtend/-/xtend-4.0.2.tgz",
      "integrity": "sha512-LKYU1iAXJXUgAXn9URjiu+MWhyUXHsvfp7mcuYm9dSUKK0/CjtrUwFAxD82/mCWbtLsGjFIad0wIsod4zrTAEQ=="
    }
  }
}
